
Microsoft Visual Studio Solution File, Format Version 12.00
# Visual Studio Version 17
VisualStudioVersion = 17.14.37301.10 d17.14
MinimumVisualStudioVersion = 10.0.40219.1
Project("{FAE04EC0-301F-11D3-BF4B-00C04F79EFBC}") = "Aplicacion1", "Aplicacion1\Aplicacion1.csproj", "{C5DC60CE-B4AA-40A8-8021-26D3BE2F2330}"
EndProject
Global
	GlobalSection(SolutionConfigurationPlatforms) = preSolution
		Debug|Any CPU = Debug|Any CPU
		Release|Any CPU = Release|Any CPU
	EndGlobalSection
	GlobalSection(ProjectConfigurationPlatforms) = postSolution
		{C5DC60CE-B4AA-40A8-8021-26D3BE2F2330}.Debug|Any CPU.ActiveCfg = Debug|Any CPU
		{C5DC60CE-B4AA-40A8-8021-26D3BE2F2330}.Debug|Any CPU.Build.0 = Debug|Any CPU
		{C5DC60CE-B4AA-40A8-8021-26D3BE2F2330}.Release|Any CPU.ActiveCfg = Release|Any CPU
		{C5DC60CE-B4AA-40A8-8021-26D3BE2F2330}.Release|Any CPU.Build.0 = Release|Any CPU
	EndGlobalSection
	GlobalSection(SolutionProperties) = preSolution
		HideSolutionNode = FALSE
	EndGlobalSection
	GlobalSection(ExtensibilityGlobals) = postSolution
		SolutionGuid = {F2132239-D961-487C-B606-19AA4DC8C3F9}
	EndGlobalSection
EndGlobal
